# This file is autogenerated, do not edit; changes may be undone by the next 'dep ensure'.


[[projects]]
  name = "github.com/asaskevich/govalidator"
  packages = ["."]
  revision = "73945b6115bfbbcc57d89b7316e28109364124e1"
  version = "v7"

[[projects]]
  name = "github.com/certifi/gocertifi"
  packages = ["."]
  revision = "3fd9e1adb12b72d2f3f82191d49be9b93c69f67c"
  version = "2017.07.27"

[[projects]]
  name = "github.com/creasty/apperrors"
  packages = ["."]
  revision = "c9bdbba6b05d5cd9539f6b3f6633a8dabe03afbf"
  version = "v1.0.0"

[[projects]]
  branch = "master"
  name = "github.com/creasty/configo"
  packages = ["."]
  revision = "288b7e8980d293cb5a71a4be33706dab34ad56ea"

[[projects]]
  branch = "master"
  name = "github.com/getsentry/raven-go"
  packages = ["."]
  revision = "1452f6376ddb15c546b6d7567e1d9518765391b5"

[[projects]]
  name = "github.com/ghodss/yaml"
  packages = ["."]
  revision = "0ca9ea5df5451ffdf184b4428c902747c2c11cd7"
  version = "v1.0.0"

[[projects]]
  branch = "master"
  name = "github.com/golang/glog"
  packages = ["."]
  revision = "23def4e6c14b4da8ac2ed8007337bc5eb5007998"

[[projects]]
  branch = "master"
  name = "github.com/golang/lint"
  packages = [".","golint"]
  revision = "6aaf7c34af0f4c36a57e0c429bace4d706d8e931"

[[projects]]
  branch = "master"
  name = "github.com/golang/protobuf"
  packages = ["jsonpb","proto","protoc-gen-go","protoc-gen-go/descriptor","protoc-gen-go/generator","protoc-gen-go/grpc","protoc-gen-go/plugin","ptypes","ptypes/any","ptypes/duration","ptypes/struct","ptypes/timestamp"]
  revision = "1643683e1b54a9e88ad26d98f81400c8c9d9f4f9"

[[projects]]
  branch = "master"
  name = "github.com/grpc-ecosystem/go-grpc-middleware"
  packages = [".","logging","logging/zap","recovery","tags"]
  revision = "82921fcf811d228d2fa202bc31238b356bf9f8d5"

[[projects]]
  name = "github.com/grpc-ecosystem/grpc-gateway"
  packages = ["protoc-gen-grpc-gateway","protoc-gen-grpc-gateway/descriptor","protoc-gen-grpc-gateway/generator","protoc-gen-grpc-gateway/gengateway","protoc-gen-grpc-gateway/httprule","protoc-gen-swagger","protoc-gen-swagger/genswagger","runtime","runtime/internal","utilities"]
  revision = "589b126116b5fc961939b3e156c29e4d9d58222f"
  version = "v1.2.2"

[[projects]]
  branch = "master"
  name = "github.com/izumin5210/grpc-errors"
  packages = ["."]
  revision = "c2d20b9af38fe291c874d2aa9ae8a3245dafc1e9"

[[projects]]
  branch = "master"
  name = "github.com/jmoiron/sqlx"
  packages = [".","reflectx"]
  revision = "3379e5993990b1f927fc8db926485e6f6becf2d2"

[[projects]]
  name = "github.com/joho/godotenv"
  packages = ["."]
  revision = "a79fa1e548e2c689c241d10173efd51e5d689d5b"
  version = "v1.2.0"

[[projects]]
  name = "github.com/kelseyhightower/envconfig"
  packages = ["."]
  revision = "f611eb38b3875cc3bd991ca91c51d06446afa14c"
  version = "v1.3.0"

[[projects]]
  branch = "master"
  name = "github.com/mattn/go-zglob"
  packages = [".","fastwalk"]
  revision = "4ecb59231939b2e499b1f2fd8f075565977d2452"

[[projects]]
  name = "github.com/pkg/errors"
  packages = ["."]
  revision = "645ef00459ed84a119197bfb8d8205042c6df63d"
  version = "v0.8.0"

[[projects]]
  name = "github.com/soheilhy/cmux"
  packages = ["."]
  revision = "bb79a83465015a27a175925ebd155e660f55e9f1"
  version = "v0.1.3"

[[projects]]
  name = "go.uber.org/atomic"
  packages = ["."]
  revision = "4e336646b2ef9fc6e47be8e21594178f98e5ebcf"
  version = "v1.2.0"

[[projects]]
  name = "go.uber.org/multierr"
  packages = ["."]
  revision = "3c4937480c32f4c13a875a1829af76c98ca3d40a"
  version = "v1.1.0"

[[projects]]
  name = "go.uber.org/zap"
  packages = [".","buffer","internal/bufferpool","internal/color","internal/exit","zapcore"]
  revision = "35aad584952c3e7020db7b839f6b102de6271f89"
  version = "v1.7.1"

[[projects]]
  branch = "master"
  name = "golang.org/x/net"
  packages = ["context","http2","http2/hpack","idna","internal/timeseries","lex/httplex","trace"]
  revision = "01c190206fbdffa42f334f4b2bf2220f50e64920"

[[projects]]
  branch = "master"
  name = "golang.org/x/text"
  packages = ["collate","collate/build","internal/colltab","internal/gen","internal/tag","internal/triegen","internal/ucd","language","secure/bidirule","transform","unicode/bidi","unicode/cldr","unicode/norm","unicode/rangetable"]
  revision = "88f656faf3f37f690df1a32515b479415e1a6769"

[[projects]]
  branch = "master"
  name = "golang.org/x/tools"
  packages = ["go/gcexportdata","go/gcimporter15","go/types/typeutil"]
  revision = "032dfd515a0b058cc9bc616139b136f923d3924a"

[[projects]]
  branch = "master"
  name = "google.golang.org/genproto"
  packages = ["googleapis/api/annotations","googleapis/rpc/status"]
  revision = "03951f3b52582ecab79e5a37a86b5a20c5f64df7"

[[projects]]
  name = "google.golang.org/grpc"
  packages = [".","balancer","codes","connectivity","credentials","grpclb/grpc_lb_v1/messages","grpclog","internal","keepalive","metadata","naming","peer","reflection","reflection/grpc_reflection_v1alpha","resolver","stats","status","tap","transport"]
  revision = "61d37c5d657a47e4404fd6823bd598341a2595de"
  version = "v1.7.1"

[[projects]]
  branch = "v2"
  name = "gopkg.in/yaml.v2"
  packages = ["."]
  revision = "eb3733d160e74a9c7e442f435eb3bea458e1d19f"

[solve-meta]
  analyzer-name = "dep"
  analyzer-version = 1
  inputs-digest = "b6950a2b6cf152ad0e4f04c7db2011a87a891906769ace4f4479650ae818df95"
  solver-name = "gps-cdcl"
  solver-version = 1
